// !$*UTF8*$!
{
	archiveVersion = 1;
	classes = {
	};
	objectVersion = 51;
	objects = {

/* Begin PBXBuildFile section */
		0446E63574EF4050FDB4A86B /* Pods_GitHubClient.framework in Frameworks */ = {isa = PBXBuildFile; fileRef = AC766896A79F1BF94863E3C3 /* Pods_GitHubClient.framework */; };
		AE938FE7249D11820033C92A /* AppDelegate.swift in Sources */ = {isa = PBXBuildFile; fileRef = AE938FE6249D11820033C92A /* AppDelegate.swift */; };
		AE938FEE249D11820033C92A /* Main.storyboard in Resources */ = {isa = PBXBuildFile; fileRef = AE938FEC249D11820033C92A /* Main.storyboard */; };
		AE938FF1249D11820033C92A /* GitHubClient.xcdatamodeld in Sources */ = {isa = PBXBuildFile; fileRef = AE938FEF249D11820033C92A /* GitHubClient.xcdatamodeld */; };
		AE938FF3249D11860033C92A /* Assets.xcassets in Resources */ = {isa = PBXBuildFile; fileRef = AE938FF2249D11860033C92A /* Assets.xcassets */; };
		AE938FF6249D11860033C92A /* LaunchScreen.storyboard in Resources */ = {isa = PBXBuildFile; fileRef = AE938FF4249D11860033C92A /* LaunchScreen.storyboard */; };
		AE938FFE249D17F60033C92A /* NetworkService.swift in Sources */ = {isa = PBXBuildFile; fileRef = AE938FFD249D17F60033C92A /* NetworkService.swift */; };
		AE939000249D1D810033C92A /* SearchInfoModel.swift in Sources */ = {isa = PBXBuildFile; fileRef = AE938FFF249D1D800033C92A /* SearchInfoModel.swift */; };
		AE93900224A0BA1D0033C92A /* SearchViewController.swift in Sources */ = {isa = PBXBuildFile; fileRef = AE93900124A0BA1D0033C92A /* SearchViewController.swift */; };
		AE93901124A0FB9B0033C92A /* ResultCell.swift in Sources */ = {isa = PBXBuildFile; fileRef = AE93901024A0FB9B0033C92A /* ResultCell.swift */; };
		AE93901524A1330B0033C92A /* DetailsViewController.swift in Sources */ = {isa = PBXBuildFile; fileRef = AE93901424A1330B0033C92A /* DetailsViewController.swift */; };
		AE93901A24A16A860033C92A /* DataController.swift in Sources */ = {isa = PBXBuildFile; fileRef = AE93901924A16A860033C92A /* DataController.swift */; };
		AE93904124A1AC410033C92A /* Extension+DateFormatter.swift in Sources */ = {isa = PBXBuildFile; fileRef = AE93904024A1AC410033C92A /* Extension+DateFormatter.swift */; };
		AE93904324A1CC680033C92A /* Extension+UIImageView.swift in Sources */ = {isa = PBXBuildFile; fileRef = AE93904224A1CC680033C92A /* Extension+UIImageView.swift */; };
		AE93904624A20C930033C92A /* Extension+CollectionCell.swift in Sources */ = {isa = PBXBuildFile; fileRef = AE93904524A20C930033C92A /* Extension+CollectionCell.swift */; };
		AE93904824A20D400033C92A /* OwnerModel.swift in Sources */ = {isa = PBXBuildFile; fileRef = AE93904724A20D400033C92A /* OwnerModel.swift */; };
		AE93904A24A20D600033C92A /* Extension+JSONDecoder.swift in Sources */ = {isa = PBXBuildFile; fileRef = AE93904924A20D600033C92A /* Extension+JSONDecoder.swift */; };
		AE93904C24A20DAD0033C92A /* ItemModel.swift in Sources */ = {isa = PBXBuildFile; fileRef = AE93904B24A20DAD0033C92A /* ItemModel.swift */; };
/* End PBXBuildFile section */

/* Begin PBXFileReference section */
		0BE7AA293A07262C0E7954CF /* Pods-GitHubClient.debug.xcconfig */ = {isa = PBXFileReference; includeInIndex = 1; lastKnownFileType = text.xcconfig; name = "Pods-GitHubClient.debug.xcconfig"; path = "Target Support Files/Pods-GitHubClient/Pods-GitHubClient.debug.xcconfig"; sourceTree = "<group>"; };
		73963276BEFF6E8AD4617EC7 /* Pods-GitHubClient.release.xcconfig */ = {isa = PBXFileReference; includeInIndex = 1; lastKnownFileType = text.xcconfig; name = "Pods-GitHubClient.release.xcconfig"; path = "Target Support Files/Pods-GitHubClient/Pods-GitHubClient.release.xcconfig"; sourceTree = "<group>"; };
		AC766896A79F1BF94863E3C3 /* Pods_GitHubClient.framework */ = {isa = PBXFileReference; explicitFileType = wrapper.framework; includeInIndex = 0; path = Pods_GitHubClient.framework; sourceTree = BUILT_PRODUCTS_DIR; };
		AE938FE3249D11820033C92A /* GitHubClient.app */ = {isa = PBXFileReference; explicitFileType = wrapper.application; includeInIndex = 0; path = GitHubClient.app; sourceTree = BUILT_PRODUCTS_DIR; };
		AE938FE6249D11820033C92A /* AppDelegate.swift */ = {isa = PBXFileReference; lastKnownFileType = sourcecode.swift; path = AppDelegate.swift; sourceTree = "<group>"; };
		AE938FED249D11820033C92A /* Base */ = {isa = PBXFileReference; lastKnownFileType = file.storyboard; name = Base; path = Base.lproj/Main.storyboard; sourceTree = "<group>"; };
		AE938FF0249D11820033C92A /* GitHubClient.xcdatamodel */ = {isa = PBXFileReference; lastKnownFileType = wrapper.xcdatamodel; path = GitHubClient.xcdatamodel; sourceTree = "<group>"; };
		AE938FF2249D11860033C92A /* Assets.xcassets */ = {isa = PBXFileReference; lastKnownFileType = folder.assetcatalog; path = Assets.xcassets; sourceTree = "<group>"; };
		AE938FF5249D11860033C92A /* Base */ = {isa = PBXFileReference; lastKnownFileType = file.storyboard; name = Base; path = Base.lproj/LaunchScreen.storyboard; sourceTree = "<group>"; };
		AE938FF7249D11860033C92A /* Info.plist */ = {isa = PBXFileReference; lastKnownFileType = text.plist.xml; path = Info.plist; sourceTree = "<group>"; };
		AE938FFD249D17F60033C92A /* NetworkService.swift */ = {isa = PBXFileReference; lastKnownFileType = sourcecode.swift; path = NetworkService.swift; sourceTree = "<group>"; };
		AE938FFF249D1D800033C92A /* SearchInfoModel.swift */ = {isa = PBXFileReference; lastKnownFileType = sourcecode.swift; path = SearchInfoModel.swift; sourceTree = "<group>"; };
		AE93900124A0BA1D0033C92A /* SearchViewController.swift */ = {isa = PBXFileReference; lastKnownFileType = sourcecode.swift; path = SearchViewController.swift; sourceTree = "<group>"; };
		AE93901024A0FB9B0033C92A /* ResultCell.swift */ = {isa = PBXFileReference; lastKnownFileType = sourcecode.swift; path = ResultCell.swift; sourceTree = "<group>"; };
		AE93901424A1330B0033C92A /* DetailsViewController.swift */ = {isa = PBXFileReference; lastKnownFileType = sourcecode.swift; path = DetailsViewController.swift; sourceTree = "<group>"; };
		AE93901924A16A860033C92A /* DataController.swift */ = {isa = PBXFileReference; lastKnownFileType = sourcecode.swift; path = DataController.swift; sourceTree = "<group>"; };
		AE93904024A1AC410033C92A /* Extension+DateFormatter.swift */ = {isa = PBXFileReference; lastKnownFileType = sourcecode.swift; path = "Extension+DateFormatter.swift"; sourceTree = "<group>"; };
		AE93904224A1CC680033C92A /* Extension+UIImageView.swift */ = {isa = PBXFileReference; lastKnownFileType = sourcecode.swift; path = "Extension+UIImageView.swift"; sourceTree = "<group>"; };
		AE93904524A20C930033C92A /* Extension+CollectionCell.swift */ = {isa = PBXFileReference; lastKnownFileType = sourcecode.swift; path = "Extension+CollectionCell.swift"; sourceTree = "<group>"; };
		AE93904724A20D400033C92A /* OwnerModel.swift */ = {isa = PBXFileReference; lastKnownFileType = sourcecode.swift; path = OwnerModel.swift; sourceTree = "<group>"; };
		AE93904924A20D600033C92A /* Extension+JSONDecoder.swift */ = {isa = PBXFileReference; lastKnownFileType = sourcecode.swift; path = "Extension+JSONDecoder.swift"; sourceTree = "<group>"; };
		AE93904B24A20DAD0033C92A /* ItemModel.swift */ = {isa = PBXFileReference; lastKnownFileType = sourcecode.swift; path = ItemModel.swift; sourceTree = "<group>"; };
/* End PBXFileReference section */

/* Begin PBXFrameworksBuildPhase section */
		AE938FE0249D11820033C92A /* Frameworks */ = {
			isa = PBXFrameworksBuildPhase;
			buildActionMask = 2147483647;
			files = (
				0446E63574EF4050FDB4A86B /* Pods_GitHubClient.framework in Frameworks */,
			);
			runOnlyForDeploymentPostprocessing = 0;
		};
/* End PBXFrameworksBuildPhase section */

/* Begin PBXGroup section */
		48C2348C34033F1D0D4C3E40 /* Frameworks */ = {
			isa = PBXGroup;
			children = (
				AC766896A79F1BF94863E3C3 /* Pods_GitHubClient.framework */,
			);
			name = Frameworks;
			sourceTree = "<group>";
		};
		4A981AECAA16A8641BCE0A16 /* Pods */ = {
			isa = PBXGroup;
			children = (
				0BE7AA293A07262C0E7954CF /* Pods-GitHubClient.debug.xcconfig */,
				73963276BEFF6E8AD4617EC7 /* Pods-GitHubClient.release.xcconfig */,
			);
			path = Pods;
			sourceTree = "<group>";
		};
		AE938FDA249D11820033C92A = {
			isa = PBXGroup;
			children = (
				AE938FE5249D11820033C92A /* GitHubClient */,
				AE938FE4249D11820033C92A /* Products */,
				4A981AECAA16A8641BCE0A16 /* Pods */,
				48C2348C34033F1D0D4C3E40 /* Frameworks */,
			);
			sourceTree = "<group>";
		};
		AE938FE4249D11820033C92A /* Products */ = {
			isa = PBXGroup;
			children = (
				AE938FE3249D11820033C92A /* GitHubClient.app */,
			);
			name = Products;
			sourceTree = "<group>";
		};
		AE938FE5249D11820033C92A /* GitHubClient */ = {
			isa = PBXGroup;
			children = (
				AE938FE6249D11820033C92A /* AppDelegate.swift */,
				AE938FF7249D11860033C92A /* Info.plist */,
				AE93900F24A0BD220033C92A /* Services */,
				AE93900C24A0BCF20033C92A /* DataSource+Presenter */,
				AE93900B24A0BCEA0033C92A /* Models */,
				AE93900E24A0BD080033C92A /* ViewControllers */,
				AE93900D24A0BCFC0033C92A /* Views */,
				AE93904424A1DE4D0033C92A /* Extensions */,
				AE93901824A13E840033C92A /* Storyboard */,
				AE938FEF249D11820033C92A /* GitHubClient.xcdatamodeld */,
				AE938FF4249D11860033C92A /* LaunchScreen.storyboard */,
				AE938FF2249D11860033C92A /* Assets.xcassets */,
				AE93904F24A2239D0033C92A /* Resources */,
			);
			path = GitHubClient;
			sourceTree = "<group>";
		};
		AE93900B24A0BCEA0033C92A /* Models */ = {
			isa = PBXGroup;
			children = (
				AE938FFF249D1D800033C92A /* SearchInfoModel.swift */,
				AE93904724A20D400033C92A /* OwnerModel.swift */,
				AE93904B24A20DAD0033C92A /* ItemModel.swift */,
			);
			path = Models;
			sourceTree = "<group>";
		};
		AE93900C24A0BCF20033C92A /* DataSource+Presenter */ = {
			isa = PBXGroup;
			children = (
				AE93901924A16A860033C92A /* DataController.swift */,
			);
			path = "DataSource+Presenter";
			sourceTree = "<group>";
		};
		AE93900D24A0BCFC0033C92A /* Views */ = {
			isa = PBXGroup;
			children = (
				AE93901024A0FB9B0033C92A /* ResultCell.swift */,
			);
			path = Views;
			sourceTree = "<group>";
		};
		AE93900E24A0BD080033C92A /* ViewControllers */ = {
			isa = PBXGroup;
			children = (
				AE93900124A0BA1D0033C92A /* SearchViewController.swift */,
				AE93901424A1330B0033C92A /* DetailsViewController.swift */,
			);
			path = ViewControllers;
			sourceTree = "<group>";
		};
		AE93900F24A0BD220033C92A /* Services */ = {
			isa = PBXGroup;
			children = (
				AE938FFD249D17F60033C92A /* NetworkService.swift */,
			);
			path = Services;
			sourceTree = "<group>";
		};
		AE93901824A13E840033C92A /* Storyboard */ = {
			isa = PBXGroup;
			children = (
				AE938FEC249D11820033C92A /* Main.storyboard */,
			);
			path = Storyboard;
			sourceTree = "<group>";
		};
		AE93904424A1DE4D0033C92A /* Extensions */ = {
			isa = PBXGroup;
			children = (
				AE93904024A1AC410033C92A /* Extension+DateFormatter.swift */,
				AE93904224A1CC680033C92A /* Extension+UIImageView.swift */,
				AE93904524A20C930033C92A /* Extension+CollectionCell.swift */,
				AE93904924A20D600033C92A /* Extension+JSONDecoder.swift */,
			);
			path = Extensions;
			sourceTree = "<group>";
		};
		AE93904F24A2239D0033C92A /* Resources */ = {
			isa = PBXGroup;
			children = (
			);
			path = Resources;
			sourceTree = "<group>";
		};
/* End PBXGroup section */

/* Begin PBXNativeTarget section */
		AE938FE2249D11820033C92A /* GitHubClient */ = {
			isa = PBXNativeTarget;
			buildConfigurationList = AE938FFA249D11860033C92A /* Build configuration list for PBXNativeTarget "GitHubClient" */;
			buildPhases = (
				3EBA0E19D1D373C0FF29538F /* [CP] Check Pods Manifest.lock */,
				AE938FDF249D11820033C92A /* Sources */,
				AE938FE0249D11820033C92A /* Frameworks */,
				AE938FE1249D11820033C92A /* Resources */,
				658D6D50D99BC758C2F8FF91 /* [CP] Embed Pods Frameworks */,
			);
			buildRules = (
			);
			dependencies = (
			);
			name = GitHubClient;
			productName = GitHubClient;
			productReference = AE938FE3249D11820033C92A /* GitHubClient.app */;
			productType = "com.apple.product-type.application";
		};
/* End PBXNativeTarget section */

/* Begin PBXProject section */
		AE938FDB249D11820033C92A /* Project object */ = {
			isa = PBXProject;
			attributes = {
				LastSwiftUpdateCheck = 1150;
				LastUpgradeCheck = 1150;
				ORGANIZATIONNAME = bhdn;
				TargetAttributes = {
					AE938FE2249D11820033C92A = {
						CreatedOnToolsVersion = 11.5;
					};
				};
			};
			buildConfigurationList = AE938FDE249D11820033C92A /* Build configuration list for PBXProject "GitHubClient" */;
			compatibilityVersion = "Xcode 9.3";
			developmentRegion = en;
			hasScannedForEncodings = 0;
			knownRegions = (
				en,
				Base,
			);
			mainGroup = AE938FDA249D11820033C92A;
			productRefGroup = AE938FE4249D11820033C92A /* Products */;
			projectDirPath = "";
			projectRoot = "";
			targets = (
				AE938FE2249D11820033C92A /* GitHubClient */,
			);
		};
/* End PBXProject section */

/* Begin PBXResourcesBuildPhase section */
		AE938FE1249D11820033C92A /* Resources */ = {
			isa = PBXResourcesBuildPhase;
			buildActionMask = 2147483647;
			files = (
				AE938FF6249D11860033C92A /* LaunchScreen.storyboard in Resources */,
				AE938FF3249D11860033C92A /* Assets.xcassets in Resources */,
				AE938FEE249D11820033C92A /* Main.storyboard in Resources */,
			);
			runOnlyForDeploymentPostprocessing = 0;
		};
/* End PBXResourcesBuildPhase section */

/* Begin PBXShellScriptBuildPhase section */
		3EBA0E19D1D373C0FF29538F /* [CP] Check Pods Manifest.lock */ = {
			isa = PBXShellScriptBuildPhase;
			buildActionMask = 2147483647;
			files = (
			);
			inputFileListPaths = (
			);
			inputPaths = (
				"${PODS_PODFILE_DIR_PATH}/Podfile.lock",
				"${PODS_ROOT}/Manifest.lock",
			);
			name = "[CP] Check Pods Manifest.lock";
			outputFileListPaths = (
			);
			outputPaths = (
				"$(DERIVED_FILE_DIR)/Pods-GitHubClient-checkManifestLockResult.txt",
			);
			runOnlyForDeploymentPostprocessing = 0;
			shellPath = /bin/sh;
			shellScript = "diff \"${PODS_PODFILE_DIR_PATH}/Podfile.lock\" \"${PODS_ROOT}/Manifest.lock\" > /dev/null\nif [ $? != 0 ] ; then\n    # print error to STDERR\n    echo \"error: The sandbox is not in sync with the Podfile.lock. Run 'pod install' or update your CocoaPods installation.\" >&2\n    exit 1\nfi\n# This output is used by Xcode 'outputs' to avoid re-running this script phase.\necho \"SUCCESS\" > \"${SCRIPT_OUTPUT_FILE_0}\"\n";
			showEnvVarsInLog = 0;
		};
		658D6D50D99BC758C2F8FF91 /* [CP] Embed Pods Frameworks */ = {
			isa = PBXShellScriptBuildPhase;
			buildActionMask = 2147483647;
			files = (
			);
			inputFileListPaths = (
				"${PODS_ROOT}/Target Support Files/Pods-GitHubClient/Pods-GitHubClient-frameworks-${CONFIGURATION}-input-files.xcfilelist",
			);
			name = "[CP] Embed Pods Frameworks";
			outputFileListPaths = (
				"${PODS_ROOT}/Target Support Files/Pods-GitHubClient/Pods-GitHubClient-frameworks-${CONFIGURATION}-output-files.xcfilelist",
			);
			runOnlyForDeploymentPostprocessing = 0;
			shellPath = /bin/sh;
			shellScript = "\"${PODS_ROOT}/Target Support Files/Pods-GitHubClient/Pods-GitHubClient-frameworks.sh\"\n";
			showEnvVarsInLog = 0;
		};
/* End PBXShellScriptBuildPhase section */

/* Begin PBXSourcesBuildPhase section */
		AE938FDF249D11820033C92A /* Sources */ = {
			isa = PBXSourcesBuildPhase;
			buildActionMask = 2147483647;
			files = (
				AE938FFE249D17F60033C92A /* NetworkService.swift in Sources */,
				AE93904624A20C930033C92A /* Extension+CollectionCell.swift in Sources */,
				AE93900224A0BA1D0033C92A /* SearchViewController.swift in Sources */,
				AE93904824A20D400033C92A /* OwnerModel.swift in Sources */,
				AE93901124A0FB9B0033C92A /* ResultCell.swift in Sources */,
				AE93904A24A20D600033C92A /* Extension+JSONDecoder.swift in Sources */,
				AE93901524A1330B0033C92A /* DetailsViewController.swift in Sources */,
				AE938FE7249D11820033C92A /* AppDelegate.swift in Sources */,
				AE93904124A1AC410033C92A /* Extension+DateFormatter.swift in Sources */,
				AE93904324A1CC680033C92A /* Extension+UIImageView.swift in Sources */,
				AE938FF1249D11820033C92A /* GitHubClient.xcdatamodeld in Sources */,
				AE93901A24A16A860033C92A /* DataController.swift in Sources */,
				AE93904C24A20DAD0033C92A /* ItemModel.swift in Sources */,
				AE939000249D1D810033C92A /* SearchInfoModel.swift in Sources */,
			);
			runOnlyForDeploymentPostprocessing = 0;
		};
/* End PBXSourcesBuildPhase section */

/* Begin PBXVariantGroup section */
		AE938FEC249D11820033C92A /* Main.storyboard */ = {
			isa = PBXVariantGroup;
			children = (
				AE938FED249D11820033C92A /* Base */,
			);
			name = Main.storyboard;
			sourceTree = "<group>";
		};
		AE938FF4249D11860033C92A /* LaunchScreen.storyboard */ = {
			isa = PBXVariantGroup;
			children = (
				AE938FF5249D11860033C92A /* Base */,
			);
			name = LaunchScreen.storyboard;
			sourceTree = "<group>";
		};
/* End PBXVariantGroup section */

/* Begin XCBuildConfiguration section */
		AE938FF8249D11860033C92A /* Debug */ = {
			isa = XCBuildConfiguration;
			buildSettings = {
				ALWAYS_SEARCH_USER_PATHS = NO;
				CLANG_ANALYZER_NONNULL = YES;
				CLANG_ANALYZER_NUMBER_OBJECT_CONVERSION = YES_AGGRESSIVE;
				CLANG_CXX_LANGUAGE_STANDARD = "gnu++14";
				CLANG_CXX_LIBRARY = "libc++";
				CLANG_ENABLE_MODULES = YES;
				CLANG_ENABLE_OBJC_ARC = YES;
				CLANG_ENABLE_OBJC_WEAK = YES;
				CLANG_WARN_BLOCK_CAPTURE_AUTORELEASING = YES;
				CLANG_WARN_BOOL_CONVERSION = YES;
				CLANG_WARN_COMMA = YES;
				CLANG_WARN_CONSTANT_CONVERSION = YES;
				CLANG_WARN_DEPRECATED_OBJC_IMPLEMENTATIONS = YES;
				CLANG_WARN_DIRECT_OBJC_ISA_USAGE = YES_ERROR;
				CLANG_WARN_DOCUMENTATION_COMMENTS = YES;
				CLANG_WARN_EMPTY_BODY = YES;
				CLANG_WARN_ENUM_CONVERSION = YES;
				CLANG_WARN_INFINITE_RECURSION = YES;
				CLANG_WARN_INT_CONVERSION = YES;
				CLANG_WARN_NON_LITERAL_NULL_CONVERSION = YES;
				CLANG_WARN_OBJC_IMPLICIT_RETAIN_SELF = YES;
				CLANG_WARN_OBJC_LITERAL_CONVERSION = YES;
				CLANG_WARN_OBJC_ROOT_CLASS = YES_ERROR;
				CLANG_WARN_RANGE_LOOP_ANALYSIS = YES;
				CLANG_WARN_STRICT_PROTOTYPES = YES;
				CLANG_WARN_SUSPICIOUS_MOVE = YES;
				CLANG_WARN_UNGUARDED_AVAILABILITY = YES_AGGRESSIVE;
				CLANG_WARN_UNREACHABLE_CODE = YES;
				CLANG_WARN__DUPLICATE_METHOD_MATCH = YES;
				COPY_PHASE_STRIP = NO;
				DEBUG_INFORMATION_FORMAT = dwarf;
				ENABLE_STRICT_OBJC_MSGSEND = YES;
				ENABLE_TESTABILITY = YES;
				GCC_C_LANGUAGE_STANDARD = gnu11;
				GCC_DYNAMIC_NO_PIC = NO;
				GCC_NO_COMMON_BLOCKS = YES;
				GCC_OPTIMIZATION_LEVEL = 0;
				GCC_PREPROCESSOR_DEFINITIONS = (
					"DEBUG=1",
					"$(inherited)",
				);
				GCC_WARN_64_TO_32_BIT_CONVERSION = YES;
				GCC_WARN_ABOUT_RETURN_TYPE = YES_ERROR;
				GCC_WARN_UNDECLARED_SELECTOR = YES;
				GCC_WARN_UNINITIALIZED_AUTOS = YES_AGGRESSIVE;
				GCC_WARN_UNUSED_FUNCTION = YES;
				GCC_WARN_UNUSED_VARIABLE = YES;
				IPHONEOS_DEPLOYMENT_TARGET = 12.0;
				MTL_ENABLE_DEBUG_INFO = INCLUDE_SOURCE;
				MTL_FAST_MATH = YES;
				ONLY_ACTIVE_ARCH = YES;
				SDKROOT = iphoneos;
				SWIFT_ACTIVE_COMPILATION_CONDITIONS = DEBUG;
				SWIFT_OPTIMIZATION_LEVEL = "-Onone";
			};
			name = Debug;
		};
		AE938FF9249D11860033C92A /* Release */ = {
			isa = XCBuildConfiguration;
			buildSettings = {
				ALWAYS_SEARCH_USER_PATHS = NO;
				CLANG_ANALYZER_NONNULL = YES;
				CLANG_ANALYZER_NUMBER_OBJECT_CONVERSION = YES_AGGRESSIVE;
				CLANG_CXX_LANGUAGE_STANDARD = "gnu++14";
				CLANG_CXX_LIBRARY = "libc++";
				CLANG_ENABLE_MODULES = YES;
				CLANG_ENABLE_OBJC_ARC = YES;
				CLANG_ENABLE_OBJC_WEAK = YES;
				CLANG_WARN_BLOCK_CAPTURE_AUTORELEASING = YES;
				CLANG_WARN_BOOL_CONVERSION = YES;
				CLANG_WARN_COMMA = YES;
				CLANG_WARN_CONSTANT_CONVERSION = YES;
				CLANG_WARN_DEPRECATED_OBJC_IMPLEMENTATIONS = YES;
				CLANG_WARN_DIRECT_OBJC_ISA_USAGE = YES_ERROR;
				CLANG_WARN_DOCUMENTATION_COMMENTS = YES;
				CLANG_WARN_EMPTY_BODY = YES;
				CLANG_WARN_ENUM_CONVERSION = YES;
				CLANG_WARN_INFINITE_RECURSION = YES;
				CLANG_WARN_INT_CONVERSION = YES;
				CLANG_WARN_NON_LITERAL_NULL_CONVERSION = YES;
				CLANG_WARN_OBJC_IMPLICIT_RETAIN_SELF = YES;
				CLANG_WARN_OBJC_LITERAL_CONVERSION = YES;
				CLANG_WARN_OBJC_ROOT_CLASS = YES_ERROR;
				CLANG_WARN_RANGE_LOOP_ANALYSIS = YES;
				CLANG_WARN_STRICT_PROTOTYPES = YES;
				CLANG_WARN_SUSPICIOUS_MOVE = YES;
				CLANG_WARN_UNGUARDED_AVAILABILITY = YES_AGGRESSIVE;
				CLANG_WARN_UNREACHABLE_CODE = YES;
				CLANG_WARN__DUPLICATE_METHOD_MATCH = YES;
				COPY_PHASE_STRIP = NO;
				DEBUG_INFORMATION_FORMAT = "dwarf-with-dsym";
				ENABLE_NS_ASSERTIONS = NO;
				ENABLE_STRICT_OBJC_MSGSEND = YES;
				GCC_C_LANGUAGE_STANDARD = gnu11;
				GCC_NO_COMMON_BLOCKS = YES;
				GCC_WARN_64_TO_32_BIT_CONVERSION = YES;
				GCC_WARN_ABOUT_RETURN_TYPE = YES_ERROR;
				GCC_WARN_UNDECLARED_SELECTOR = YES;
				GCC_WARN_UNINITIALIZED_AUTOS = YES_AGGRESSIVE;
				GCC_WARN_UNUSED_FUNCTION = YES;
				GCC_WARN_UNUSED_VARIABLE = YES;
				IPHONEOS_DEPLOYMENT_TARGET = 12.0;
				MTL_ENABLE_DEBUG_INFO = NO;
				MTL_FAST_MATH = YES;
				SDKROOT = iphoneos;
				SWIFT_COMPILATION_MODE = wholemodule;
				SWIFT_OPTIMIZATION_LEVEL = "-O";
				VALIDATE_PRODUCT = YES;
			};
			name = Release;
		};
		AE938FFB249D11860033C92A /* Debug */ = {
			isa = XCBuildConfiguration;
			baseConfigurationReference = 0BE7AA293A07262C0E7954CF /* Pods-GitHubClient.debug.xcconfig */;
			buildSettings = {
				ASSETCATALOG_COMPILER_APPICON_NAME = AppIcon;
				CODE_SIGN_STYLE = Automatic;
				DEVELOPMENT_TEAM = PWNU96MEM5;
				INFOPLIST_FILE = GitHubClient/Info.plist;
				IPHONEOS_DEPLOYMENT_TARGET = 12.0;
				LD_RUNPATH_SEARCH_PATHS = (
					"$(inherited)",
					"@executable_path/Frameworks",
				);
				PRODUCT_BUNDLE_IDENTIFIER = polytech.GitHubClient;
				PRODUCT_NAME = "$(TARGET_NAME)";
				SWIFT_VERSION = 5.0;
				TARGETED_DEVICE_FAMILY = "1,2";
			};
			name = Debug;
		};
		AE938FFC249D11860033C92A /* Release */ = {
			isa = XCBuildConfiguration;
			baseConfigurationReference = 73963276BEFF6E8AD4617EC7 /* Pods-GitHubClient.release.xcconfig */;
			buildSettings = {
				ASSETCATALOG_COMPILER_APPICON_NAME = AppIcon;
				CODE_SIGN_STYLE = Automatic;
				DEVELOPMENT_TEAM = PWNU96MEM5;
				INFOPLIST_FILE = GitHubClient/Info.plist;
				IPHONEOS_DEPLOYMENT_TARGET = 12.0;
				LD_RUNPATH_SEARCH_PATHS = (
					"$(inherited)",
					"@executable_path/Frameworks",
				);
				PRODUCT_BUNDLE_IDENTIFIER = polytech.GitHubClient;
				PRODUCT_NAME = "$(TARGET_NAME)";
				SWIFT_VERSION = 5.0;
				TARGETED_DEVICE_FAMILY = "1,2";
			};
			name = Release;
		};
/* End XCBuildConfiguration section */

/* Begin XCConfigurationList section */
		AE938FDE249D11820033C92A /* Build configuration list for PBXProject "GitHubClient" */ = {
			isa = XCConfigurationList;
			buildConfigurations = (
				AE938FF8249D11860033C92A /* Debug */,
				AE938FF9249D11860033C92A /* Release */,
			);
			defaultConfigurationIsVisible = 0;
			defaultConfigurationName = Release;
		};
		AE938FFA249D11860033C92A /* Build configuration list for PBXNativeTarget "GitHubClient" */ = {
			isa = XCConfigurationList;
			buildConfigurations = (
				AE938FFB249D11860033C92A /* Debug */,
				AE938FFC249D11860033C92A /* Release */,
			);
			defaultConfigurationIsVisible = 0;
			defaultConfigurationName = Release;
		};
/* End XCConfigurationList section */

/* Begin XCVersionGroup section */
		AE938FEF249D11820033C92A /* GitHubClient.xcdatamodeld */ = {
			isa = XCVersionGroup;
			children = (
				AE938FF0249D11820033C92A /* GitHubClient.xcdatamodel */,
			);
			currentVersion = AE938FF0249D11820033C92A /* GitHubClient.xcdatamodel */;
			path = GitHubClient.xcdatamodeld;
			sourceTree = "<group>";
			versionGroupType = wrapper.xcdatamodel;
		};
/* End XCVersionGroup section */
	};
	rootObject = AE938FDB249D11820033C92A /* Project object */;
}
